{
  "name": "proarbitrage",
  "lockfileVersion": 3,
  "requires": true,
  "packages": {
    "": {
      "dependencies": {
        "@kilocode/cli-windows-x64": "^7.3.1"
      }
    },
    "node_modules/@kilocode/cli-windows-x64": {
      "version": "7.3.1",
      "resolved": "https://registry.npmmirror.com/@kilocode/cli-windows-x64/-/cli-windows-x64-7.3.1.tgz",
      "integrity": "sha512-XEK40eLJUu5gX4yaPiUB+kI8bMG5lWQ4ZGlOd3+gNW32DGHsNnCDLBHWFpZkgV1OZhKOgWEH5pxmRiTtImP3ZA==",
      "cpu": [
        "x64"
      ],
      "os": [
        "win32"
      ]
    }
  }
}
